// !$*UTF8*$!
{
	archiveVersion = 1;
	classes = {
	};
	objectVersion = 51;
	objects = {

/* Begin PBXBuildFile section */
		0433826926EF9B4B00B1A568 /* AppDelegate.swift in Sources */ = {isa = PBXBuildFile; fileRef = 0433826826EF9B4B00B1A568 /* AppDelegate.swift */; };
		0433826B26EF9B4B00B1A568 /* SceneDelegate.swift in Sources */ = {isa = PBXBuildFile; fileRef = 0433826A26EF9B4B00B1A568 /* SceneDelegate.swift */; };
		0433827026EF9B4B00B1A568 /* Main.storyboard in Resources */ = {isa = PBXBuildFile; fileRef = 0433826E26EF9B4B00B1A568 /* Main.storyboard */; };
		0433827226EF9B4E00B1A568 /* Assets.xcassets in Resources */ = {isa = PBXBuildFile; fileRef = 0433827126EF9B4E00B1A568 /* Assets.xcassets */; };
		0433827526EF9B4E00B1A568 /* LaunchScreen.storyboard in Resources */ = {isa = PBXBuildFile; fileRef = 0433827326EF9B4E00B1A568 /* LaunchScreen.storyboard */; };
		0433828A26EFB1C400B1A568 /* LoginVC.swift in Sources */ = {isa = PBXBuildFile; fileRef = 0433828826EFB1C400B1A568 /* LoginVC.swift */; };
		0433828B26EFB1C400B1A568 /* LoginVC.xib in Resources */ = {isa = PBXBuildFile; fileRef = 0433828926EFB1C400B1A568 /* LoginVC.xib */; };
		04B4E87026F0FD360039E3F2 /* labelRound.swift in Sources */ = {isa = PBXBuildFile; fileRef = 04B4E86C26F0FD2C0039E3F2 /* labelRound.swift */; };
		04B4E87126F0FD360039E3F2 /* TextFieldIcon.swift in Sources */ = {isa = PBXBuildFile; fileRef = 04B4E86D26F0FD2C0039E3F2 /* TextFieldIcon.swift */; };
		04B4E87226F0FD360039E3F2 /* stackRound.swift in Sources */ = {isa = PBXBuildFile; fileRef = 04B4E86A26F0FD2C0039E3F2 /* stackRound.swift */; };
		04B4E87326F0FD360039E3F2 /* viewRound.swift in Sources */ = {isa = PBXBuildFile; fileRef = 04B4E86E26F0FD2C0039E3F2 /* viewRound.swift */; };
		04B4E87426F0FD360039E3F2 /* imageRound.swift in Sources */ = {isa = PBXBuildFile; fileRef = 04B4E86B26F0FD2C0039E3F2 /* imageRound.swift */; };
		04B4E87526F0FD360039E3F2 /* textViewRound.swift in Sources */ = {isa = PBXBuildFile; fileRef = 04B4E86926F0FD2C0039E3F2 /* textViewRound.swift */; };
		04B4E87626F0FD360039E3F2 /* buttonRound.swift in Sources */ = {isa = PBXBuildFile; fileRef = 04B4E86F26F0FD2C0039E3F2 /* buttonRound.swift */; };
		04B4E87B26F0FF4E0039E3F2 /* SignUpVC.swift in Sources */ = {isa = PBXBuildFile; fileRef = 04B4E87926F0FF4E0039E3F2 /* SignUpVC.swift */; };
		04B4E87C26F0FF4E0039E3F2 /* SignUpVC.xib in Resources */ = {isa = PBXBuildFile; fileRef = 04B4E87A26F0FF4E0039E3F2 /* SignUpVC.xib */; };
		04B4E88126F101E60039E3F2 /* ResetPasswordVC.swift in Sources */ = {isa = PBXBuildFile; fileRef = 04B4E87F26F101E60039E3F2 /* ResetPasswordVC.swift */; };
		04B4E88226F101E60039E3F2 /* ResetPasswordVC.xib in Resources */ = {isa = PBXBuildFile; fileRef = 04B4E88026F101E60039E3F2 /* ResetPasswordVC.xib */; };
		04B4E88926F10CDC0039E3F2 /* HomeVC.swift in Sources */ = {isa = PBXBuildFile; fileRef = 04B4E88726F10CDC0039E3F2 /* HomeVC.swift */; };
		04B4E88A26F10CDC0039E3F2 /* HomeVC.xib in Resources */ = {isa = PBXBuildFile; fileRef = 04B4E88826F10CDC0039E3F2 /* HomeVC.xib */; };
		04B4E88E26F12D110039E3F2 /* Helper.swift in Sources */ = {isa = PBXBuildFile; fileRef = 04B4E88D26F12D0F0039E3F2 /* Helper.swift */; };
		04B4E89626F167DA0039E3F2 /* UIViewController+Extension.swift in Sources */ = {isa = PBXBuildFile; fileRef = 04B4E89526F167D40039E3F2 /* UIViewController+Extension.swift */; };
		04B4E89D26F1779F0039E3F2 /* ServiceCell.swift in Sources */ = {isa = PBXBuildFile; fileRef = 04B4E89B26F1779F0039E3F2 /* ServiceCell.swift */; };
		04B4E89E26F1779F0039E3F2 /* ServiceCell.xib in Resources */ = {isa = PBXBuildFile; fileRef = 04B4E89C26F1779F0039E3F2 /* ServiceCell.xib */; };
		04B4E8A426F1804E0039E3F2 /* HomeVC+Extensions.swift in Sources */ = {isa = PBXBuildFile; fileRef = 04B4E8A326F1804E0039E3F2 /* HomeVC+Extensions.swift */; };
		04B4E8A926F181890039E3F2 /* PartenerCell.swift in Sources */ = {isa = PBXBuildFile; fileRef = 04B4E8A726F181890039E3F2 /* PartenerCell.swift */; };
		04B4E8AA26F181890039E3F2 /* PartenerCell.xib in Resources */ = {isa = PBXBuildFile; fileRef = 04B4E8A826F181890039E3F2 /* PartenerCell.xib */; };
		D601CF457E7EF7CE901DC258 /* Pods_BIB_Individuals.framework in Frameworks */ = {isa = PBXBuildFile; fileRef = 88CF3D6DC546D1C2C5017870 /* Pods_BIB_Individuals.framework */; };
/* End PBXBuildFile section */

/* Begin PBXFileReference section */
		0433826526EF9B4B00B1A568 /* BIB Individuals.app */ = {isa = PBXFileReference; explicitFileType = wrapper.application; includeInIndex = 0; path = "BIB Individuals.app"; sourceTree = BUILT_PRODUCTS_DIR; };
		0433826826EF9B4B00B1A568 /* AppDelegate.swift */ = {isa = PBXFileReference; lastKnownFileType = sourcecode.swift; path = AppDelegate.swift; sourceTree = "<group>"; };
		0433826A26EF9B4B00B1A568 /* SceneDelegate.swift */ = {isa = PBXFileReference; lastKnownFileType = sourcecode.swift; path = SceneDelegate.swift; sourceTree = "<group>"; };
		0433826F26EF9B4B00B1A568 /* Base */ = {isa = PBXFileReference; lastKnownFileType = file.storyboard; name = Base; path = Base.lproj/Main.storyboard; sourceTree = "<group>"; };
		0433827126EF9B4E00B1A568 /* Assets.xcassets */ = {isa = PBXFileReference; lastKnownFileType = folder.assetcatalog; path = Assets.xcassets; sourceTree = "<group>"; };
		0433827426EF9B4E00B1A568 /* Base */ = {isa = PBXFileReference; lastKnownFileType = file.storyboard; name = Base; path = Base.lproj/LaunchScreen.storyboard; sourceTree = "<group>"; };
		0433827626EF9B4E00B1A568 /* Info.plist */ = {isa = PBXFileReference; lastKnownFileType = text.plist.xml; path = Info.plist; sourceTree = "<group>"; };
		0433828826EFB1C400B1A568 /* LoginVC.swift */ = {isa = PBXFileReference; lastKnownFileType = sourcecode.swift; path = LoginVC.swift; sourceTree = "<group>"; };
		0433828926EFB1C400B1A568 /* LoginVC.xib */ = {isa = PBXFileReference; lastKnownFileType = file.xib; path = LoginVC.xib; sourceTree = "<group>"; };
		04B4E86926F0FD2C0039E3F2 /* textViewRound.swift */ = {isa = PBXFileReference; lastKnownFileType = sourcecode.swift; path = textViewRound.swift; sourceTree = "<group>"; };
		04B4E86A26F0FD2C0039E3F2 /* stackRound.swift */ = {isa = PBXFileReference; lastKnownFileType = sourcecode.swift; path = stackRound.swift; sourceTree = "<group>"; };
		04B4E86B26F0FD2C0039E3F2 /* imageRound.swift */ = {isa = PBXFileReference; lastKnownFileType = sourcecode.swift; path = imageRound.swift; sourceTree = "<group>"; };
		04B4E86C26F0FD2C0039E3F2 /* labelRound.swift */ = {isa = PBXFileReference; lastKnownFileType = sourcecode.swift; path = labelRound.swift; sourceTree = "<group>"; };
		04B4E86D26F0FD2C0039E3F2 /* TextFieldIcon.swift */ = {isa = PBXFileReference; lastKnownFileType = sourcecode.swift; path = TextFieldIcon.swift; sourceTree = "<group>"; };
		04B4E86E26F0FD2C0039E3F2 /* viewRound.swift */ = {isa = PBXFileReference; lastKnownFileType = sourcecode.swift; path = viewRound.swift; sourceTree = "<group>"; };
		04B4E86F26F0FD2C0039E3F2 /* buttonRound.swift */ = {isa = PBXFileReference; lastKnownFileType = sourcecode.swift; path = buttonRound.swift; sourceTree = "<group>"; };
		04B4E87926F0FF4E0039E3F2 /* SignUpVC.swift */ = {isa = PBXFileReference; lastKnownFileType = sourcecode.swift; path = SignUpVC.swift; sourceTree = "<group>"; };
		04B4E87A26F0FF4E0039E3F2 /* SignUpVC.xib */ = {isa = PBXFileReference; lastKnownFileType = file.xib; path = SignUpVC.xib; sourceTree = "<group>"; };
		04B4E87F26F101E60039E3F2 /* ResetPasswordVC.swift */ = {isa = PBXFileReference; lastKnownFileType = sourcecode.swift; path = ResetPasswordVC.swift; sourceTree = "<group>"; };
		04B4E88026F101E60039E3F2 /* ResetPasswordVC.xib */ = {isa = PBXFileReference; lastKnownFileType = file.xib; path = ResetPasswordVC.xib; sourceTree = "<group>"; };
		04B4E88726F10CDC0039E3F2 /* HomeVC.swift */ = {isa = PBXFileReference; lastKnownFileType = sourcecode.swift; path = HomeVC.swift; sourceTree = "<group>"; };
		04B4E88826F10CDC0039E3F2 /* HomeVC.xib */ = {isa = PBXFileReference; lastKnownFileType = file.xib; path = HomeVC.xib; sourceTree = "<group>"; };
		04B4E88D26F12D0F0039E3F2 /* Helper.swift */ = {isa = PBXFileReference; lastKnownFileType = sourcecode.swift; path = Helper.swift; sourceTree = "<group>"; };
		04B4E89526F167D40039E3F2 /* UIViewController+Extension.swift */ = {isa = PBXFileReference; lastKnownFileType = sourcecode.swift; path = "UIViewController+Extension.swift"; sourceTree = "<group>"; };
		04B4E89B26F1779F0039E3F2 /* ServiceCell.swift */ = {isa = PBXFileReference; lastKnownFileType = sourcecode.swift; path = ServiceCell.swift; sourceTree = "<group>"; };
		04B4E89C26F1779F0039E3F2 /* ServiceCell.xib */ = {isa = PBXFileReference; lastKnownFileType = file.xib; path = ServiceCell.xib; sourceTree = "<group>"; };
		04B4E8A326F1804E0039E3F2 /* HomeVC+Extensions.swift */ = {isa = PBXFileReference; lastKnownFileType = sourcecode.swift; path = "HomeVC+Extensions.swift"; sourceTree = "<group>"; };
		04B4E8A726F181890039E3F2 /* PartenerCell.swift */ = {isa = PBXFileReference; lastKnownFileType = sourcecode.swift; path = PartenerCell.swift; sourceTree = "<group>"; };
		04B4E8A826F181890039E3F2 /* PartenerCell.xib */ = {isa = PBXFileReference; lastKnownFileType = file.xib; path = PartenerCell.xib; sourceTree = "<group>"; };
		10EF2B3E22EEE253F666BA76 /* Pods-BIB Individuals.release.xcconfig */ = {isa = PBXFileReference; includeInIndex = 1; lastKnownFileType = text.xcconfig; name = "Pods-BIB Individuals.release.xcconfig"; path = "Target Support Files/Pods-BIB Individuals/Pods-BIB Individuals.release.xcconfig"; sourceTree = "<group>"; };
		402D0C1DCF0842CB2CCE868C /* Pods-BIB Individuals.debug.xcconfig */ = {isa = PBXFileReference; includeInIndex = 1; lastKnownFileType = text.xcconfig; name = "Pods-BIB Individuals.debug.xcconfig"; path = "Target Support Files/Pods-BIB Individuals/Pods-BIB Individuals.debug.xcconfig"; sourceTree = "<group>"; };
		88CF3D6DC546D1C2C5017870 /* Pods_BIB_Individuals.framework */ = {isa = PBXFileReference; explicitFileType = wrapper.framework; includeInIndex = 0; path = Pods_BIB_Individuals.framework; sourceTree = BUILT_PRODUCTS_DIR; };
/* End PBXFileReference section */

/* Begin PBXFrameworksBuildPhase section */
		0433826226EF9B4B00B1A568 /* Frameworks */ = {
			isa = PBXFrameworksBuildPhase;
			buildActionMask = 2147483647;
			files = (
				D601CF457E7EF7CE901DC258 /* Pods_BIB_Individuals.framework in Frameworks */,
			);
			runOnlyForDeploymentPostprocessing = 0;
		};
/* End PBXFrameworksBuildPhase section */

/* Begin PBXGroup section */
		0433825C26EF9B4B00B1A568 = {
			isa = PBXGroup;
			children = (
				0433826726EF9B4B00B1A568 /* BIB Individuals */,
				0433826626EF9B4B00B1A568 /* Products */,
				A371499877781CEE03267A4D /* Pods */,
				DFDEAD6FD6F5DB02871C7474 /* Frameworks */,
			);
			sourceTree = "<group>";
		};
		0433826626EF9B4B00B1A568 /* Products */ = {
			isa = PBXGroup;
			children = (
				0433826526EF9B4B00B1A568 /* BIB Individuals.app */,
			);
			name = Products;
			sourceTree = "<group>";
		};
		0433826726EF9B4B00B1A568 /* BIB Individuals */ = {
			isa = PBXGroup;
			children = (
				0433827D26EF9F4A00B1A568 /* Utilities */,
				0433828226EFAFF000B1A568 /* BIB */,
				0433827626EF9B4E00B1A568 /* Info.plist */,
			);
			path = "BIB Individuals";
			sourceTree = "<group>";
		};
		0433827D26EF9F4A00B1A568 /* Utilities */ = {
			isa = PBXGroup;
			children = (
				0433827F26EF9F5F00B1A568 /* Luanch */,
				0433827E26EF9F5900B1A568 /* View */,
				04B4E89026F12F990039E3F2 /* Extensions */,
				04B4E88D26F12D0F0039E3F2 /* Helper.swift */,
			);
			path = Utilities;
			sourceTree = "<group>";
		};
		0433827E26EF9F5900B1A568 /* View */ = {
			isa = PBXGroup;
			children = (
				04B4E86826F0FD2C0039E3F2 /* Rounds */,
				0433826E26EF9B4B00B1A568 /* Main.storyboard */,
				0433827326EF9B4E00B1A568 /* LaunchScreen.storyboard */,
				0433827126EF9B4E00B1A568 /* Assets.xcassets */,
			);
			path = View;
			sourceTree = "<group>";
		};
		0433827F26EF9F5F00B1A568 /* Luanch */ = {
			isa = PBXGroup;
			children = (
				0433826826EF9B4B00B1A568 /* AppDelegate.swift */,
				0433826A26EF9B4B00B1A568 /* SceneDelegate.swift */,
			);
			path = Luanch;
			sourceTree = "<group>";
		};
		0433828226EFAFF000B1A568 /* BIB */ = {
			isa = PBXGroup;
			children = (
				04B4E88526F10CA40039E3F2 /* Home */,
				0433828326EFB07D00B1A568 /* Auth */,
			);
			path = BIB;
			sourceTree = "<group>";
		};
		0433828326EFB07D00B1A568 /* Auth */ = {
			isa = PBXGroup;
			children = (
				0433828626EFB0CD00B1A568 /* Reset Password */,
				0433828526EFB0A800B1A568 /* Sign Up */,
				0433828426EFB0A000B1A568 /* Login */,
			);
			path = Auth;
			sourceTree = "<group>";
		};
		0433828426EFB0A000B1A568 /* Login */ = {
			isa = PBXGroup;
			children = (
				0433828726EFB1A600B1A568 /* View */,
			);
			path = Login;
			sourceTree = "<group>";
		};
		0433828526EFB0A800B1A568 /* Sign Up */ = {
			isa = PBXGroup;
			children = (
				04B4E87826F0FF350039E3F2 /* View */,
			);
			path = "Sign Up";
			sourceTree = "<group>";
		};
		0433828626EFB0CD00B1A568 /* Reset Password */ = {
			isa = PBXGroup;
			children = (
				04B4E87E26F101D40039E3F2 /* View */,
			);
			path = "Reset Password";
			sourceTree = "<group>";
		};
		0433828726EFB1A600B1A568 /* View */ = {
			isa = PBXGroup;
			children = (
				0433828826EFB1C400B1A568 /* LoginVC.swift */,
				0433828926EFB1C400B1A568 /* LoginVC.xib */,
			);
			path = View;
			sourceTree = "<group>";
		};
		04B4E86826F0FD2C0039E3F2 /* Rounds */ = {
			isa = PBXGroup;
			children = (
				04B4E86926F0FD2C0039E3F2 /* textViewRound.swift */,
				04B4E86A26F0FD2C0039E3F2 /* stackRound.swift */,
				04B4E86B26F0FD2C0039E3F2 /* imageRound.swift */,
				04B4E86C26F0FD2C0039E3F2 /* labelRound.swift */,
				04B4E86D26F0FD2C0039E3F2 /* TextFieldIcon.swift */,
				04B4E86E26F0FD2C0039E3F2 /* viewRound.swift */,
				04B4E86F26F0FD2C0039E3F2 /* buttonRound.swift */,
			);
			path = Rounds;
			sourceTree = "<group>";
		};
		04B4E87826F0FF350039E3F2 /* View */ = {
			isa = PBXGroup;
			children = (
				04B4E87926F0FF4E0039E3F2 /* SignUpVC.swift */,
				04B4E87A26F0FF4E0039E3F2 /* SignUpVC.xib */,
			);
			path = View;
			sourceTree = "<group>";
		};
		04B4E87E26F101D40039E3F2 /* View */ = {
			isa = PBXGroup;
			children = (
				04B4E87F26F101E60039E3F2 /* ResetPasswordVC.swift */,
				04B4E88026F101E60039E3F2 /* ResetPasswordVC.xib */,
			);
			path = View;
			sourceTree = "<group>";
		};
		04B4E88526F10CA40039E3F2 /* Home */ = {
			isa = PBXGroup;
			children = (
				04B4E88626F10CB70039E3F2 /* View */,
			);
			path = Home;
			sourceTree = "<group>";
		};
		04B4E88626F10CB70039E3F2 /* View */ = {
			isa = PBXGroup;
			children = (
				04B4E8A626F181760039E3F2 /* PartenerCell */,
				04B4E89A26F177070039E3F2 /* ServiceCell */,
				04B4E89926F176F80039E3F2 /* HomeVC */,
			);
			path = View;
			sourceTree = "<group>";
		};
		04B4E89026F12F990039E3F2 /* Extensions */ = {
			isa = PBXGroup;
			children = (
				04B4E89526F167D40039E3F2 /* UIViewController+Extension.swift */,
			);
			path = Extensions;
			sourceTree = "<group>";
		};
		04B4E89926F176F80039E3F2 /* HomeVC */ = {
			isa = PBXGroup;
			children = (
				04B4E88826F10CDC0039E3F2 /* HomeVC.xib */,
				04B4E88726F10CDC0039E3F2 /* HomeVC.swift */,
				04B4E8A326F1804E0039E3F2 /* HomeVC+Extensions.swift */,
			);
			path = HomeVC;
			sourceTree = "<group>";
		};
		04B4E89A26F177070039E3F2 /* ServiceCell */ = {
			isa = PBXGroup;
			children = (
				04B4E89B26F1779F0039E3F2 /* ServiceCell.swift */,
				04B4E89C26F1779F0039E3F2 /* ServiceCell.xib */,
			);
			path = ServiceCell;
			sourceTree = "<group>";
		};
		04B4E8A626F181760039E3F2 /* PartenerCell */ = {
			isa = PBXGroup;
			children = (
				04B4E8A726F181890039E3F2 /* PartenerCell.swift */,
				04B4E8A826F181890039E3F2 /* PartenerCell.xib */,
			);
			path = PartenerCell;
			sourceTree = "<group>";
		};
		A371499877781CEE03267A4D /* Pods */ = {
			isa = PBXGroup;
			children = (
				402D0C1DCF0842CB2CCE868C /* Pods-BIB Individuals.debug.xcconfig */,
				10EF2B3E22EEE253F666BA76 /* Pods-BIB Individuals.release.xcconfig */,
			);
			path = Pods;
			sourceTree = "<group>";
		};
		DFDEAD6FD6F5DB02871C7474 /* Frameworks */ = {
			isa = PBXGroup;
			children = (
				88CF3D6DC546D1C2C5017870 /* Pods_BIB_Individuals.framework */,
			);
			name = Frameworks;
			sourceTree = "<group>";
		};
/* End PBXGroup section */

/* Begin PBXNativeTarget section */
		0433826426EF9B4B00B1A568 /* BIB Individuals */ = {
			isa = PBXNativeTarget;
			buildConfigurationList = 0433827926EF9B4E00B1A568 /* Build configuration list for PBXNativeTarget "BIB Individuals" */;
			buildPhases = (
				E7145554C8D19A47F93B8DA4 /* [CP] Check Pods Manifest.lock */,
				0433826126EF9B4B00B1A568 /* Sources */,
				0433826226EF9B4B00B1A568 /* Frameworks */,
				0433826326EF9B4B00B1A568 /* Resources */,
				D54EAF898913CC141D7F7CC1 /* [CP] Embed Pods Frameworks */,
			);
			buildRules = (
			);
			dependencies = (
			);
			name = "BIB Individuals";
			productName = "BIB Individuals";
			productReference = 0433826526EF9B4B00B1A568 /* BIB Individuals.app */;
			productType = "com.apple.product-type.application";
		};
/* End PBXNativeTarget section */

/* Begin PBXProject section */
		0433825D26EF9B4B00B1A568 /* Project object */ = {
			isa = PBXProject;
			attributes = {
				LastSwiftUpdateCheck = 1230;
				LastUpgradeCheck = 1230;
				TargetAttributes = {
					0433826426EF9B4B00B1A568 = {
						CreatedOnToolsVersion = 12.3;
					};
				};
			};
			buildConfigurationList = 0433826026EF9B4B00B1A568 /* Build configuration list for PBXProject "BIB Individuals" */;
			compatibilityVersion = "Xcode 9.3";
			developmentRegion = en;
			hasScannedForEncodings = 0;
			knownRegions = (
				en,
				Base,
			);
			mainGroup = 0433825C26EF9B4B00B1A568;
			productRefGroup = 0433826626EF9B4B00B1A568 /* Products */;
			projectDirPath = "";
			projectRoot = "";
			targets = (
				0433826426EF9B4B00B1A568 /* BIB Individuals */,
			);
		};
/* End PBXProject section */

/* Begin PBXResourcesBuildPhase section */
		0433826326EF9B4B00B1A568 /* Resources */ = {
			isa = PBXResourcesBuildPhase;
			buildActionMask = 2147483647;
			files = (
				0433827526EF9B4E00B1A568 /* LaunchScreen.storyboard in Resources */,
				04B4E89E26F1779F0039E3F2 /* ServiceCell.xib in Resources */,
				04B4E8AA26F181890039E3F2 /* PartenerCell.xib in Resources */,
				0433827226EF9B4E00B1A568 /* Assets.xcassets in Resources */,
				04B4E87C26F0FF4E0039E3F2 /* SignUpVC.xib in Resources */,
				0433828B26EFB1C400B1A568 /* LoginVC.xib in Resources */,
				0433827026EF9B4B00B1A568 /* Main.storyboard in Resources */,
				04B4E88226F101E60039E3F2 /* ResetPasswordVC.xib in Resources */,
				04B4E88A26F10CDC0039E3F2 /* HomeVC.xib in Resources */,
			);
			runOnlyForDeploymentPostprocessing = 0;
		};
/* End PBXResourcesBuildPhase section */

/* Begin PBXShellScriptBuildPhase section */
		D54EAF898913CC141D7F7CC1 /* [CP] Embed Pods Frameworks */ = {
			isa = PBXShellScriptBuildPhase;
			buildActionMask = 2147483647;
			files = (
			);
			inputFileListPaths = (
				"${PODS_ROOT}/Target Support Files/Pods-BIB Individuals/Pods-BIB Individuals-frameworks-${CONFIGURATION}-input-files.xcfilelist",
			);
			name = "[CP] Embed Pods Frameworks";
			outputFileListPaths = (
				"${PODS_ROOT}/Target Support Files/Pods-BIB Individuals/Pods-BIB Individuals-frameworks-${CONFIGURATION}-output-files.xcfilelist",
			);
			runOnlyForDeploymentPostprocessing = 0;
			shellPath = /bin/sh;
			shellScript = "\"${PODS_ROOT}/Target Support Files/Pods-BIB Individuals/Pods-BIB Individuals-frameworks.sh\"\n";
			showEnvVarsInLog = 0;
		};
		E7145554C8D19A47F93B8DA4 /* [CP] Check Pods Manifest.lock */ = {
			isa = PBXShellScriptBuildPhase;
			buildActionMask = 2147483647;
			files = (
			);
			inputFileListPaths = (
			);
			inputPaths = (
				"${PODS_PODFILE_DIR_PATH}/Podfile.lock",
				"${PODS_ROOT}/Manifest.lock",
			);
			name = "[CP] Check Pods Manifest.lock";
			outputFileListPaths = (
			);
			outputPaths = (
				"$(DERIVED_FILE_DIR)/Pods-BIB Individuals-checkManifestLockResult.txt",
			);
			runOnlyForDeploymentPostprocessing = 0;
			shellPath = /bin/sh;
			shellScript = "diff \"${PODS_PODFILE_DIR_PATH}/Podfile.lock\" \"${PODS_ROOT}/Manifest.lock\" > /dev/null\nif [ $? != 0 ] ; then\n    # print error to STDERR\n    echo \"error: The sandbox is not in sync with the Podfile.lock. Run 'pod install' or update your CocoaPods installation.\" >&2\n    exit 1\nfi\n# This output is used by Xcode 'outputs' to avoid re-running this script phase.\necho \"SUCCESS\" > \"${SCRIPT_OUTPUT_FILE_0}\"\n";
			showEnvVarsInLog = 0;
		};
/* End PBXShellScriptBuildPhase section */

/* Begin PBXSourcesBuildPhase section */
		0433826126EF9B4B00B1A568 /* Sources */ = {
			isa = PBXSourcesBuildPhase;
			buildActionMask = 2147483647;
			files = (
				0433826926EF9B4B00B1A568 /* AppDelegate.swift in Sources */,
				04B4E88E26F12D110039E3F2 /* Helper.swift in Sources */,
				0433826B26EF9B4B00B1A568 /* SceneDelegate.swift in Sources */,
				04B4E89626F167DA0039E3F2 /* UIViewController+Extension.swift in Sources */,
				04B4E87626F0FD360039E3F2 /* buttonRound.swift in Sources */,
				04B4E87B26F0FF4E0039E3F2 /* SignUpVC.swift in Sources */,
				04B4E88926F10CDC0039E3F2 /* HomeVC.swift in Sources */,
				04B4E87126F0FD360039E3F2 /* TextFieldIcon.swift in Sources */,
				04B4E8A426F1804E0039E3F2 /* HomeVC+Extensions.swift in Sources */,
				0433828A26EFB1C400B1A568 /* LoginVC.swift in Sources */,
				04B4E87026F0FD360039E3F2 /* labelRound.swift in Sources */,
				04B4E87326F0FD360039E3F2 /* viewRound.swift in Sources */,
				04B4E87426F0FD360039E3F2 /* imageRound.swift in Sources */,
				04B4E87226F0FD360039E3F2 /* stackRound.swift in Sources */,
				04B4E8A926F181890039E3F2 /* PartenerCell.swift in Sources */,
				04B4E89D26F1779F0039E3F2 /* ServiceCell.swift in Sources */,
				04B4E87526F0FD360039E3F2 /* textViewRound.swift in Sources */,
				04B4E88126F101E60039E3F2 /* ResetPasswordVC.swift in Sources */,
			);
			runOnlyForDeploymentPostprocessing = 0;
		};
/* End PBXSourcesBuildPhase section */

/* Begin PBXVariantGroup section */
		0433826E26EF9B4B00B1A568 /* Main.storyboard */ = {
			isa = PBXVariantGroup;
			children = (
				0433826F26EF9B4B00B1A568 /* Base */,
			);
			name = Main.storyboard;
			sourceTree = "<group>";
		};
		0433827326EF9B4E00B1A568 /* LaunchScreen.storyboard */ = {
			isa = PBXVariantGroup;
			children = (
				0433827426EF9B4E00B1A568 /* Base */,
			);
			name = LaunchScreen.storyboard;
			sourceTree = "<group>";
		};
/* End PBXVariantGroup section */

/* Begin XCBuildConfiguration section */
		0433827726EF9B4E00B1A568 /* Debug */ = {
			isa = XCBuildConfiguration;
			buildSettings = {
				ALWAYS_SEARCH_USER_PATHS = NO;
				CLANG_ANALYZER_NONNULL = YES;
				CLANG_ANALYZER_NUMBER_OBJECT_CONVERSION = YES_AGGRESSIVE;
				CLANG_CXX_LANGUAGE_STANDARD = "gnu++14";
				CLANG_CXX_LIBRARY = "libc++";
				CLANG_ENABLE_MODULES = YES;
				CLANG_ENABLE_OBJC_ARC = YES;
				CLANG_ENABLE_OBJC_WEAK = YES;
				CLANG_WARN_BLOCK_CAPTURE_AUTORELEASING = YES;
				CLANG_WARN_BOOL_CONVERSION = YES;
				CLANG_WARN_COMMA = YES;
				CLANG_WARN_CONSTANT_CONVERSION = YES;
				CLANG_WARN_DEPRECATED_OBJC_IMPLEMENTATIONS = YES;
				CLANG_WARN_DIRECT_OBJC_ISA_USAGE = YES_ERROR;
				CLANG_WARN_DOCUMENTATION_COMMENTS = YES;
				CLANG_WARN_EMPTY_BODY = YES;
				CLANG_WARN_ENUM_CONVERSION = YES;
				CLANG_WARN_INFINITE_RECURSION = YES;
				CLANG_WARN_INT_CONVERSION = YES;
				CLANG_WARN_NON_LITERAL_NULL_CONVERSION = YES;
				CLANG_WARN_OBJC_IMPLICIT_RETAIN_SELF = YES;
				CLANG_WARN_OBJC_LITERAL_CONVERSION = YES;
				CLANG_WARN_OBJC_ROOT_CLASS = YES_ERROR;
				CLANG_WARN_QUOTED_INCLUDE_IN_FRAMEWORK_HEADER = YES;
				CLANG_WARN_RANGE_LOOP_ANALYSIS = YES;
				CLANG_WARN_STRICT_PROTOTYPES = YES;
				CLANG_WARN_SUSPICIOUS_MOVE = YES;
				CLANG_WARN_UNGUARDED_AVAILABILITY = YES_AGGRESSIVE;
				CLANG_WARN_UNREACHABLE_CODE = YES;
				CLANG_WARN__DUPLICATE_METHOD_MATCH = YES;
				COPY_PHASE_STRIP = NO;
				DEBUG_INFORMATION_FORMAT = dwarf;
				ENABLE_STRICT_OBJC_MSGSEND = YES;
				ENABLE_TESTABILITY = YES;
				GCC_C_LANGUAGE_STANDARD = gnu11;
				GCC_DYNAMIC_NO_PIC = NO;
				GCC_NO_COMMON_BLOCKS = YES;
				GCC_OPTIMIZATION_LEVEL = 0;
				GCC_PREPROCESSOR_DEFINITIONS = (
					"DEBUG=1",
					"$(inherited)",
				);
				GCC_WARN_64_TO_32_BIT_CONVERSION = YES;
				GCC_WARN_ABOUT_RETURN_TYPE = YES_ERROR;
				GCC_WARN_UNDECLARED_SELECTOR = YES;
				GCC_WARN_UNINITIALIZED_AUTOS = YES_AGGRESSIVE;
				GCC_WARN_UNUSED_FUNCTION = YES;
				GCC_WARN_UNUSED_VARIABLE = YES;
				IPHONEOS_DEPLOYMENT_TARGET = 14.3;
				MTL_ENABLE_DEBUG_INFO = INCLUDE_SOURCE;
				MTL_FAST_MATH = YES;
				ONLY_ACTIVE_ARCH = YES;
				SDKROOT = iphoneos;
				SWIFT_ACTIVE_COMPILATION_CONDITIONS = DEBUG;
				SWIFT_OPTIMIZATION_LEVEL = "-Onone";
			};
			name = Debug;
		};
		0433827826EF9B4E00B1A568 /* Release */ = {
			isa = XCBuildConfiguration;
			buildSettings = {
				ALWAYS_SEARCH_USER_PATHS = NO;
				CLANG_ANALYZER_NONNULL = YES;
				CLANG_ANALYZER_NUMBER_OBJECT_CONVERSION = YES_AGGRESSIVE;
				CLANG_CXX_LANGUAGE_STANDARD = "gnu++14";
				CLANG_CXX_LIBRARY = "libc++";
				CLANG_ENABLE_MODULES = YES;
				CLANG_ENABLE_OBJC_ARC = YES;
				CLANG_ENABLE_OBJC_WEAK = YES;
				CLANG_WARN_BLOCK_CAPTURE_AUTORELEASING = YES;
				CLANG_WARN_BOOL_CONVERSION = YES;
				CLANG_WARN_COMMA = YES;
				CLANG_WARN_CONSTANT_CONVERSION = YES;
				CLANG_WARN_DEPRECATED_OBJC_IMPLEMENTATIONS = YES;
				CLANG_WARN_DIRECT_OBJC_ISA_USAGE = YES_ERROR;
				CLANG_WARN_DOCUMENTATION_COMMENTS = YES;
				CLANG_WARN_EMPTY_BODY = YES;
				CLANG_WARN_ENUM_CONVERSION = YES;
				CLANG_WARN_INFINITE_RECURSION = YES;
				CLANG_WARN_INT_CONVERSION = YES;
				CLANG_WARN_NON_LITERAL_NULL_CONVERSION = YES;
				CLANG_WARN_OBJC_IMPLICIT_RETAIN_SELF = YES;
				CLANG_WARN_OBJC_LITERAL_CONVERSION = YES;
				CLANG_WARN_OBJC_ROOT_CLASS = YES_ERROR;
				CLANG_WARN_QUOTED_INCLUDE_IN_FRAMEWORK_HEADER = YES;
				CLANG_WARN_RANGE_LOOP_ANALYSIS = YES;
				CLANG_WARN_STRICT_PROTOTYPES = YES;
				CLANG_WARN_SUSPICIOUS_MOVE = YES;
				CLANG_WARN_UNGUARDED_AVAILABILITY = YES_AGGRESSIVE;
				CLANG_WARN_UNREACHABLE_CODE = YES;
				CLANG_WARN__DUPLICATE_METHOD_MATCH = YES;
				COPY_PHASE_STRIP = NO;
				DEBUG_INFORMATION_FORMAT = "dwarf-with-dsym";
				ENABLE_NS_ASSERTIONS = NO;
				ENABLE_STRICT_OBJC_MSGSEND = YES;
				GCC_C_LANGUAGE_STANDARD = gnu11;
				GCC_NO_COMMON_BLOCKS = YES;
				GCC_WARN_64_TO_32_BIT_CONVERSION = YES;
				GCC_WARN_ABOUT_RETURN_TYPE = YES_ERROR;
				GCC_WARN_UNDECLARED_SELECTOR = YES;
				GCC_WARN_UNINITIALIZED_AUTOS = YES_AGGRESSIVE;
				GCC_WARN_UNUSED_FUNCTION = YES;
				GCC_WARN_UNUSED_VARIABLE = YES;
				IPHONEOS_DEPLOYMENT_TARGET = 14.3;
				MTL_ENABLE_DEBUG_INFO = NO;
				MTL_FAST_MATH = YES;
				SDKROOT = iphoneos;
				SWIFT_COMPILATION_MODE = wholemodule;
				SWIFT_OPTIMIZATION_LEVEL = "-O";
				VALIDATE_PRODUCT = YES;
			};
			name = Release;
		};
		0433827A26EF9B4E00B1A568 /* Debug */ = {
			isa = XCBuildConfiguration;
			baseConfigurationReference = 402D0C1DCF0842CB2CCE868C /* Pods-BIB Individuals.debug.xcconfig */;
			buildSettings = {
				ASSETCATALOG_COMPILER_APPICON_NAME = AppIcon;
				ASSETCATALOG_COMPILER_GLOBAL_ACCENT_COLOR_NAME = AccentColor;
				CODE_SIGN_STYLE = Automatic;
				DEVELOPMENT_TEAM = W3Z4392KVG;
				INFOPLIST_FILE = "BIB Individuals/Info.plist";
				LD_RUNPATH_SEARCH_PATHS = (
					"$(inherited)",
					"@executable_path/Frameworks",
				);
				PRODUCT_BUNDLE_IDENTIFIER = "com.Tariq.BIB-Individuals";
				PRODUCT_NAME = "$(TARGET_NAME)";
				SWIFT_VERSION = 5.0;
				TARGETED_DEVICE_FAMILY = 1;
			};
			name = Debug;
		};
		0433827B26EF9B4E00B1A568 /* Release */ = {
			isa = XCBuildConfiguration;
			baseConfigurationReference = 10EF2B3E22EEE253F666BA76 /* Pods-BIB Individuals.release.xcconfig */;
			buildSettings = {
				ASSETCATALOG_COMPILER_APPICON_NAME = AppIcon;
				ASSETCATALOG_COMPILER_GLOBAL_ACCENT_COLOR_NAME = AccentColor;
				CODE_SIGN_STYLE = Automatic;
				DEVELOPMENT_TEAM = W3Z4392KVG;
				INFOPLIST_FILE = "BIB Individuals/Info.plist";
				LD_RUNPATH_SEARCH_PATHS = (
					"$(inherited)",
					"@executable_path/Frameworks",
				);
				PRODUCT_BUNDLE_IDENTIFIER = "com.Tariq.BIB-Individuals";
				PRODUCT_NAME = "$(TARGET_NAME)";
				SWIFT_VERSION = 5.0;
				TARGETED_DEVICE_FAMILY = 1;
			};
			name = Release;
		};
/* End XCBuildConfiguration section */

/* Begin XCConfigurationList section */
		0433826026EF9B4B00B1A568 /* Build configuration list for PBXProject "BIB Individuals" */ = {
			isa = XCConfigurationList;
			buildConfigurations = (
				0433827726EF9B4E00B1A568 /* Debug */,
				0433827826EF9B4E00B1A568 /* Release */,
			);
			defaultConfigurationIsVisible = 0;
			defaultConfigurationName = Release;
		};
		0433827926EF9B4E00B1A568 /* Build configuration list for PBXNativeTarget "BIB Individuals" */ = {
			isa = XCConfigurationList;
			buildConfigurations = (
				0433827A26EF9B4E00B1A568 /* Debug */,
				0433827B26EF9B4E00B1A568 /* Release */,
			);
			defaultConfigurationIsVisible = 0;
			defaultConfigurationName = Release;
		};
/* End XCConfigurationList section */
	};
	rootObject = 0433825D26EF9B4B00B1A568 /* Project object */;
}
